
Microsoft Visual Studio Solution File, Format Version 12.00
# Visual Studio 14
VisualStudioVersion = 14.0.25420.1
MinimumVisualStudioVersion = 10.0.40219.1
Project("{FAE04EC0-301F-11D3-BF4B-00C04F79EFBC}") = "Program", "Program\Program.csproj", "{7EA2039E-6BA5-4E0D-8F3D-27C168545EC4}"
EndProject
Project("{2150E333-8FDC-42A3-9474-1A3956D46DE8}") = "Solution Items", "Solution Items", "{4263F053-92AA-41EC-A0DA-E12600EE1096}"
EndProject
Project("{FAE04EC0-301F-11D3-BF4B-00C04F79EFBC}") = "PdfModel", "PdfModel\PdfModel.csproj", "{C2FBE238-A1BF-4819-AF6D-448B081867DF}"
EndProject
Project("{FAE04EC0-301F-11D3-BF4B-00C04F79EFBC}") = "PdfController", "PdfController\PdfController.csproj", "{C9458036-08AF-4C7E-8D7A-D967D88A5E51}"
EndProject
Project("{FAE04EC0-301F-11D3-BF4B-00C04F79EFBC}") = "PdfView", "PdfView\PdfView.csproj", "{141976BA-2B23-4CE3-B83E-E6CEE08C023A}"
EndProject
Project("{FAE04EC0-301F-11D3-BF4B-00C04F79EFBC}") = "PdfSharp", "PdfSharp\PdfSharp.csproj", "{5D17CAB0-07ED-4122-98ED-7D32C902D53F}"
EndProject
Global
	GlobalSection(SolutionConfigurationPlatforms) = preSolution
		Debug|Any CPU = Debug|Any CPU
		Debug|ARM = Debug|ARM
		Debug|x64 = Debug|x64
		Debug|x86 = Debug|x86
		Release|Any CPU = Release|Any CPU
		Release|ARM = Release|ARM
		Release|x64 = Release|x64
		Release|x86 = Release|x86
	EndGlobalSection
	GlobalSection(ProjectConfigurationPlatforms) = postSolution
		{7EA2039E-6BA5-4E0D-8F3D-27C168545EC4}.Debug|Any CPU.ActiveCfg = Debug|Any CPU
		{7EA2039E-6BA5-4E0D-8F3D-27C168545EC4}.Debug|Any CPU.Build.0 = Debug|Any CPU
		{7EA2039E-6BA5-4E0D-8F3D-27C168545EC4}.Debug|ARM.ActiveCfg = Debug|Any CPU
		{7EA2039E-6BA5-4E0D-8F3D-27C168545EC4}.Debug|ARM.Build.0 = Debug|Any CPU
		{7EA2039E-6BA5-4E0D-8F3D-27C168545EC4}.Debug|x64.ActiveCfg = Debug|Any CPU
		{7EA2039E-6BA5-4E0D-8F3D-27C168545EC4}.Debug|x64.Build.0 = Debug|Any CPU
		{7EA2039E-6BA5-4E0D-8F3D-27C168545EC4}.Debug|x86.ActiveCfg = Debug|Any CPU
		{7EA2039E-6BA5-4E0D-8F3D-27C168545EC4}.Debug|x86.Build.0 = Debug|Any CPU
		{7EA2039E-6BA5-4E0D-8F3D-27C168545EC4}.Release|Any CPU.ActiveCfg = Release|Any CPU
		{7EA2039E-6BA5-4E0D-8F3D-27C168545EC4}.Release|Any CPU.Build.0 = Release|Any CPU
		{7EA2039E-6BA5-4E0D-8F3D-27C168545EC4}.Release|ARM.ActiveCfg = Release|Any CPU
		{7EA2039E-6BA5-4E0D-8F3D-27C168545EC4}.Release|ARM.Build.0 = Release|Any CPU
		{7EA2039E-6BA5-4E0D-8F3D-27C168545EC4}.Release|x64.ActiveCfg = Release|Any CPU
		{7EA2039E-6BA5-4E0D-8F3D-27C168545EC4}.Release|x64.Build.0 = Release|Any CPU
		{7EA2039E-6BA5-4E0D-8F3D-27C168545EC4}.Release|x86.ActiveCfg = Release|Any CPU
		{7EA2039E-6BA5-4E0D-8F3D-27C168545EC4}.Release|x86.Build.0 = Release|Any CPU
		{C2FBE238-A1BF-4819-AF6D-448B081867DF}.Debug|Any CPU.ActiveCfg = Debug|Any CPU
		{C2FBE238-A1BF-4819-AF6D-448B081867DF}.Debug|Any CPU.Build.0 = Debug|Any CPU
		{C2FBE238-A1BF-4819-AF6D-448B081867DF}.Debug|ARM.ActiveCfg = Debug|Any CPU
		{C2FBE238-A1BF-4819-AF6D-448B081867DF}.Debug|ARM.Build.0 = Debug|Any CPU
		{C2FBE238-A1BF-4819-AF6D-448B081867DF}.Debug|x64.ActiveCfg = Debug|Any CPU
		{C2FBE238-A1BF-4819-AF6D-448B081867DF}.Debug|x64.Build.0 = Debug|Any CPU
		{C2FBE238-A1BF-4819-AF6D-448B081867DF}.Debug|x86.ActiveCfg = Debug|Any CPU
		{C2FBE238-A1BF-4819-AF6D-448B081867DF}.Debug|x86.Build.0 = Debug|Any CPU
		{C2FBE238-A1BF-4819-AF6D-448B081867DF}.Release|Any CPU.ActiveCfg = Release|Any CPU
		{C2FBE238-A1BF-4819-AF6D-448B081867DF}.Release|Any CPU.Build.0 = Release|Any CPU
		{C2FBE238-A1BF-4819-AF6D-448B081867DF}.Release|ARM.ActiveCfg = Release|Any CPU
		{C2FBE238-A1BF-4819-AF6D-448B081867DF}.Release|ARM.Build.0 = Release|Any CPU
		{C2FBE238-A1BF-4819-AF6D-448B081867DF}.Release|x64.ActiveCfg = Release|Any CPU
		{C2FBE238-A1BF-4819-AF6D-448B081867DF}.Release|x64.Build.0 = Release|Any CPU
		{C2FBE238-A1BF-4819-AF6D-448B081867DF}.Release|x86.ActiveCfg = Release|Any CPU
		{C2FBE238-A1BF-4819-AF6D-448B081867DF}.Release|x86.Build.0 = Release|Any CPU
		{C9458036-08AF-4C7E-8D7A-D967D88A5E51}.Debug|Any CPU.ActiveCfg = Debug|Any CPU
		{C9458036-08AF-4C7E-8D7A-D967D88A5E51}.Debug|Any CPU.Build.0 = Debug|Any CPU
		{C9458036-08AF-4C7E-8D7A-D967D88A5E51}.Debug|ARM.ActiveCfg = Debug|Any CPU
		{C9458036-08AF-4C7E-8D7A-D967D88A5E51}.Debug|ARM.Build.0 = Debug|Any CPU
		{C9458036-08AF-4C7E-8D7A-D967D88A5E51}.Debug|x64.ActiveCfg = Debug|Any CPU
		{C9458036-08AF-4C7E-8D7A-D967D88A5E51}.Debug|x64.Build.0 = Debug|Any CPU
		{C9458036-08AF-4C7E-8D7A-D967D88A5E51}.Debug|x86.ActiveCfg = Debug|Any CPU
		{C9458036-08AF-4C7E-8D7A-D967D88A5E51}.Debug|x86.Build.0 = Debug|Any CPU
		{C9458036-08AF-4C7E-8D7A-D967D88A5E51}.Release|Any CPU.ActiveCfg = Release|Any CPU
		{C9458036-08AF-4C7E-8D7A-D967D88A5E51}.Release|Any CPU.Build.0 = Release|Any CPU
		{C9458036-08AF-4C7E-8D7A-D967D88A5E51}.Release|ARM.ActiveCfg = Release|Any CPU
		{C9458036-08AF-4C7E-8D7A-D967D88A5E51}.Release|ARM.Build.0 = Release|Any CPU
		{C9458036-08AF-4C7E-8D7A-D967D88A5E51}.Release|x64.ActiveCfg = Release|Any CPU
		{C9458036-08AF-4C7E-8D7A-D967D88A5E51}.Release|x64.Build.0 = Release|Any CPU
		{C9458036-08AF-4C7E-8D7A-D967D88A5E51}.Release|x86.ActiveCfg = Release|Any CPU
		{C9458036-08AF-4C7E-8D7A-D967D88A5E51}.Release|x86.Build.0 = Release|Any CPU
		{141976BA-2B23-4CE3-B83E-E6CEE08C023A}.Debug|Any CPU.ActiveCfg = Debug|Any CPU
		{141976BA-2B23-4CE3-B83E-E6CEE08C023A}.Debug|Any CPU.Build.0 = Debug|Any CPU
		{141976BA-2B23-4CE3-B83E-E6CEE08C023A}.Debug|ARM.ActiveCfg = Debug|Any CPU
		{141976BA-2B23-4CE3-B83E-E6CEE08C023A}.Debug|ARM.Build.0 = Debug|Any CPU
		{141976BA-2B23-4CE3-B83E-E6CEE08C023A}.Debug|x64.ActiveCfg = Debug|Any CPU
		{141976BA-2B23-4CE3-B83E-E6CEE08C023A}.Debug|x64.Build.0 = Debug|Any CPU
		{141976BA-2B23-4CE3-B83E-E6CEE08C023A}.Debug|x86.ActiveCfg = Debug|Any CPU
		{141976BA-2B23-4CE3-B83E-E6CEE08C023A}.Debug|x86.Build.0 = Debug|Any CPU
		{141976BA-2B23-4CE3-B83E-E6CEE08C023A}.Release|Any CPU.ActiveCfg = Release|Any CPU
		{141976BA-2B23-4CE3-B83E-E6CEE08C023A}.Release|Any CPU.Build.0 = Release|Any CPU
		{141976BA-2B23-4CE3-B83E-E6CEE08C023A}.Release|ARM.ActiveCfg = Release|Any CPU
		{141976BA-2B23-4CE3-B83E-E6CEE08C023A}.Release|ARM.Build.0 = Release|Any CPU
		{141976BA-2B23-4CE3-B83E-E6CEE08C023A}.Release|x64.ActiveCfg = Release|Any CPU
		{141976BA-2B23-4CE3-B83E-E6CEE08C023A}.Release|x64.Build.0 = Release|Any CPU
		{141976BA-2B23-4CE3-B83E-E6CEE08C023A}.Release|x86.ActiveCfg = Release|Any CPU
		{141976BA-2B23-4CE3-B83E-E6CEE08C023A}.Release|x86.Build.0 = Release|Any CPU
		{5D17CAB0-07ED-4122-98ED-7D32C902D53F}.Debug|Any CPU.ActiveCfg = Debug|Any CPU
		{5D17CAB0-07ED-4122-98ED-7D32C902D53F}.Debug|Any CPU.Build.0 = Debug|Any CPU
		{5D17CAB0-07ED-4122-98ED-7D32C902D53F}.Debug|ARM.ActiveCfg = Debug|Any CPU
		{5D17CAB0-07ED-4122-98ED-7D32C902D53F}.Debug|ARM.Build.0 = Debug|Any CPU
		{5D17CAB0-07ED-4122-98ED-7D32C902D53F}.Debug|x64.ActiveCfg = Debug|Any CPU
		{5D17CAB0-07ED-4122-98ED-7D32C902D53F}.Debug|x64.Build.0 = Debug|Any CPU
		{5D17CAB0-07ED-4122-98ED-7D32C902D53F}.Debug|x86.ActiveCfg = Debug|Any CPU
		{5D17CAB0-07ED-4122-98ED-7D32C902D53F}.Debug|x86.Build.0 = Debug|Any CPU
		{5D17CAB0-07ED-4122-98ED-7D32C902D53F}.Release|Any CPU.ActiveCfg = Release|Any CPU
		{5D17CAB0-07ED-4122-98ED-7D32C902D53F}.Release|Any CPU.Build.0 = Release|Any CPU
		{5D17CAB0-07ED-4122-98ED-7D32C902D53F}.Release|ARM.ActiveCfg = Release|Any CPU
		{5D17CAB0-07ED-4122-98ED-7D32C902D53F}.Release|ARM.Build.0 = Release|Any CPU
		{5D17CAB0-07ED-4122-98ED-7D32C902D53F}.Release|x64.ActiveCfg = Release|Any CPU
		{5D17CAB0-07ED-4122-98ED-7D32C902D53F}.Release|x64.Build.0 = Release|Any CPU
		{5D17CAB0-07ED-4122-98ED-7D32C902D53F}.Release|x86.ActiveCfg = Release|Any CPU
		{5D17CAB0-07ED-4122-98ED-7D32C902D53F}.Release|x86.Build.0 = Release|Any CPU
	EndGlobalSection
	GlobalSection(SolutionProperties) = preSolution
		HideSolutionNode = FALSE
	EndGlobalSection
EndGlobal
